
Microsoft Visual Studio Solution File, Format Version 12.00
# Visual Studio Version 17
VisualStudioVersion = 17.5.33516.290
MinimumVisualStudioVersion = 10.0.40219.1
Project("{FAE04EC0-301F-11D3-BF4B-00C04F79EFBC}") = "final_task1", "final_task1\final_task1.csproj", "{E81584B0-63F5-4688-B6B4-38B592B8F85C}"
EndProject
Global
	GlobalSection(SolutionConfigurationPlatforms) = preSolution
		Debug|Any CPU = Debug|Any CPU
		Release|Any CPU = Release|Any CPU
	EndGlobalSection
	GlobalSection(ProjectConfigurationPlatforms) = postSolution
		{E81584B0-63F5-4688-B6B4-38B592B8F85C}.Debug|Any CPU.ActiveCfg = Debug|Any CPU
		{E81584B0-63F5-4688-B6B4-38B592B8F85C}.Debug|Any CPU.Build.0 = Debug|Any CPU
		{E81584B0-63F5-4688-B6B4-38B592B8F85C}.Release|Any CPU.ActiveCfg = Release|Any CPU
		{E81584B0-63F5-4688-B6B4-38B592B8F85C}.Release|Any CPU.Build.0 = Release|Any CPU
	EndGlobalSection
	GlobalSection(SolutionProperties) = preSolution
		HideSolutionNode = FALSE
	EndGlobalSection
	GlobalSection(ExtensibilityGlobals) = postSolution
		SolutionGuid = {537DF137-4688-4A7F-BC98-8C83CD23ACAD}
	EndGlobalSection
EndGlobal
